Microsoft Visual Studio Solution File, Format Version 12.00
# Visual Studio 15
VisualStudioVersion = 15.0.27130.2020
MinimumVisualStudioVersion = 10.0.40219.1
Project("{8BC9CEB8-8B4A-11D0-8D11-00A0C91BC942}") = "RenderSDK", "RenderSDK\RenderSDK.vcxproj", "{81373C17-8965-4747-9818-AA450B2578DC}"
EndProject
Project("{8BC9CEB8-8B4A-11D0-8D11-00A0C91BC942}") = "HelloRectangle", "Samples\HelloRectangle\HelloRectangle.vcxproj", "{663A72B1-85AE-4663-A896-D1236EF7E34F}"
	ProjectSection(ProjectDependencies) = postProject
		{81373C17-8965-4747-9818-AA450B2578DC} = {81373C17-8965-4747-9818-AA450B2578DC}
	EndProjectSection
EndProject
Project("{8BC9CEB8-8B4A-11D0-8D11-00A0C91BC942}") = "DynamicGI", "Samples\DynamicGI\DynamicGI.vcxproj", "{FEB52F9E-D717-46D3-ADA9-102908517202}"
	ProjectSection(ProjectDependencies) = postProject
		{81373C17-8965-4747-9818-AA450B2578DC} = {81373C17-8965-4747-9818-AA450B2578DC}
	EndProjectSection
EndProject
Project("{8BC9CEB8-8B4A-11D0-8D11-00A0C91BC942}") = "DirectXTex", "Include\External\DirectXTex\DirectXTex_Desktop_2017_Win10.vcxproj", "{371B9FA9-4C90-4AC6-A123-ACED756D6C77}"
EndProject
Project("{8BC9CEB8-8B4A-11D0-8D11-00A0C91BC942}") = "DXR_HelloTriangle", "Samples\DXR_HelloTriangle\DXR_HelloTriangle.vcxproj", "{D557F150-BCEE-4360-9561-087E487881C8}"
	ProjectSection(ProjectDependencies) = postProject
		{81373C17-8965-4747-9818-AA450B2578DC} = {81373C17-8965-4747-9818-AA450B2578DC}
	EndProjectSection
EndProject
Project("{8BC9CEB8-8B4A-11D0-8D11-00A0C91BC942}") = "DXR_PathTracing", "Samples\DXR_PathTracing\DXR_PathTracing.vcxproj", "{4C2F0338-8043-4895-9441-43FD0FB12083}"
	ProjectSection(ProjectDependencies) = postProject
		{81373C17-8965-4747-9818-AA450B2578DC} = {81373C17-8965-4747-9818-AA450B2578DC}
	EndProjectSection
EndProject
Global
	GlobalSection(SolutionConfigurationPlatforms) = preSolution
		Debug|Win32 = Debug|Win32
		Debug|x64 = Debug|x64
		Debug|x86 = Debug|x86
		Profile|Win32 = Profile|Win32
		Profile|x64 = Profile|x64
		Profile|x86 = Profile|x86
		Release|Win32 = Release|Win32
		Release|x64 = Release|x64
		Release|x86 = Release|x86
	EndGlobalSection
	GlobalSection(ProjectConfigurationPlatforms) = postSolution
		{81373C17-8965-4747-9818-AA450B2578DC}.Debug|Win32.ActiveCfg = Debug|Win32
		{81373C17-8965-4747-9818-AA450B2578DC}.Debug|Win32.Build.0 = Debug|Win32
		{81373C17-8965-4747-9818-AA450B2578DC}.Debug|x64.ActiveCfg = Debug|x64
		{81373C17-8965-4747-9818-AA450B2578DC}.Debug|x64.Build.0 = Debug|x64
		{81373C17-8965-4747-9818-AA450B2578DC}.Debug|x86.ActiveCfg = Debug|Win32
		{81373C17-8965-4747-9818-AA450B2578DC}.Debug|x86.Build.0 = Debug|Win32
		{81373C17-8965-4747-9818-AA450B2578DC}.Profile|Win32.ActiveCfg = Release|Win32
		{81373C17-8965-4747-9818-AA450B2578DC}.Profile|Win32.Build.0 = Release|Win32
		{81373C17-8965-4747-9818-AA450B2578DC}.Profile|x64.ActiveCfg = Release|x64
		{81373C17-8965-4747-9818-AA450B2578DC}.Profile|x64.Build.0 = Release|x64
		{81373C17-8965-4747-9818-AA450B2578DC}.Profile|x86.ActiveCfg = Release|Win32
		{81373C17-8965-4747-9818-AA450B2578DC}.Profile|x86.Build.0 = Release|Win32
		{81373C17-8965-4747-9818-AA450B2578DC}.Release|Win32.ActiveCfg = Release|Win32
		{81373C17-8965-4747-9818-AA450B2578DC}.Release|Win32.Build.0 = Release|Win32
		{81373C17-8965-4747-9818-AA450B2578DC}.Release|x64.ActiveCfg = Release|x64
		{81373C17-8965-4747-9818-AA450B2578DC}.Release|x64.Build.0 = Release|x64
		{81373C17-8965-4747-9818-AA450B2578DC}.Release|x86.ActiveCfg = Release|Win32
		{81373C17-8965-4747-9818-AA450B2578DC}.Release|x86.Build.0 = Release|Win32
		{663A72B1-85AE-4663-A896-D1236EF7E34F}.Debug|Win32.ActiveCfg = Debug|Win32
		{663A72B1-85AE-4663-A896-D1236EF7E34F}.Debug|Win32.Build.0 = Debug|Win32
		{663A72B1-85AE-4663-A896-D1236EF7E34F}.Debug|x64.ActiveCfg = Debug|x64
		{663A72B1-85AE-4663-A896-D1236EF7E34F}.Debug|x64.Build.0 = Debug|x64
		{663A72B1-85AE-4663-A896-D1236EF7E34F}.Debug|x86.ActiveCfg = Debug|Win32
		{663A72B1-85AE-4663-A896-D1236EF7E34F}.Debug|x86.Build.0 = Debug|Win32
		{663A72B1-85AE-4663-A896-D1236EF7E34F}.Profile|Win32.ActiveCfg = Release|Win32
		{663A72B1-85AE-4663-A896-D1236EF7E34F}.Profile|Win32.Build.0 = Release|Win32
		{663A72B1-85AE-4663-A896-D1236EF7E34F}.Profile|x64.ActiveCfg = Release|x64
		{663A72B1-85AE-4663-A896-D1236EF7E34F}.Profile|x64.Build.0 = Release|x64
		{663A72B1-85AE-4663-A896-D1236EF7E34F}.Profile|x86.ActiveCfg = Release|Win32
		{663A72B1-85AE-4663-A896-D1236EF7E34F}.Profile|x86.Build.0 = Release|Win32
		{663A72B1-85AE-4663-A896-D1236EF7E34F}.Release|Win32.ActiveCfg = Release|Win32
		{663A72B1-85AE-4663-A896-D1236EF7E34F}.Release|Win32.Build.0 = Release|Win32
		{663A72B1-85AE-4663-A896-D1236EF7E34F}.Release|x64.ActiveCfg = Release|x64
		{663A72B1-85AE-4663-A896-D1236EF7E34F}.Release|x64.Build.0 = Release|x64
		{663A72B1-85AE-4663-A896-D1236EF7E34F}.Release|x86.ActiveCfg = Release|Win32
		{663A72B1-85AE-4663-A896-D1236EF7E34F}.Release|x86.Build.0 = Release|Win32
		{FEB52F9E-D717-46D3-ADA9-102908517202}.Debug|Win32.ActiveCfg = Debug|Win32
		{FEB52F9E-D717-46D3-ADA9-102908517202}.Debug|Win32.Build.0 = Debug|Win32
		{FEB52F9E-D717-46D3-ADA9-102908517202}.Debug|x64.ActiveCfg = Debug|x64
		{FEB52F9E-D717-46D3-ADA9-102908517202}.Debug|x64.Build.0 = Debug|x64
		{FEB52F9E-D717-46D3-ADA9-102908517202}.Debug|x86.ActiveCfg = Debug|Win32
		{FEB52F9E-D717-46D3-ADA9-102908517202}.Debug|x86.Build.0 = Debug|Win32
		{FEB52F9E-D717-46D3-ADA9-102908517202}.Profile|Win32.ActiveCfg = Release|Win32
		{FEB52F9E-D717-46D3-ADA9-102908517202}.Profile|Win32.Build.0 = Release|Win32
		{FEB52F9E-D717-46D3-ADA9-102908517202}.Profile|x64.ActiveCfg = Release|x64
		{FEB52F9E-D717-46D3-ADA9-102908517202}.Profile|x64.Build.0 = Release|x64
		{FEB52F9E-D717-46D3-ADA9-102908517202}.Profile|x86.ActiveCfg = Release|Win32
		{FEB52F9E-D717-46D3-ADA9-102908517202}.Profile|x86.Build.0 = Release|Win32
		{FEB52F9E-D717-46D3-ADA9-102908517202}.Release|Win32.ActiveCfg = Release|Win32
		{FEB52F9E-D717-46D3-ADA9-102908517202}.Release|Win32.Build.0 = Release|Win32
		{FEB52F9E-D717-46D3-ADA9-102908517202}.Release|x64.ActiveCfg = Release|x64
		{FEB52F9E-D717-46D3-ADA9-102908517202}.Release|x64.Build.0 = Release|x64
		{FEB52F9E-D717-46D3-ADA9-102908517202}.Release|x86.ActiveCfg = Release|Win32
		{FEB52F9E-D717-46D3-ADA9-102908517202}.Release|x86.Build.0 = Release|Win32
		{371B9FA9-4C90-4AC6-A123-ACED756D6C77}.Debug|Win32.ActiveCfg = Debug|Win32
		{371B9FA9-4C90-4AC6-A123-ACED756D6C77}.Debug|Win32.Build.0 = Debug|Win32
		{371B9FA9-4C90-4AC6-A123-ACED756D6C77}.Debug|x64.ActiveCfg = Debug|x64
		{371B9FA9-4C90-4AC6-A123-ACED756D6C77}.Debug|x64.Build.0 = Debug|x64
		{371B9FA9-4C90-4AC6-A123-ACED756D6C77}.Debug|x86.ActiveCfg = Debug|Win32
		{371B9FA9-4C90-4AC6-A123-ACED756D6C77}.Debug|x86.Build.0 = Debug|Win32
		{371B9FA9-4C90-4AC6-A123-ACED756D6C77}.Profile|Win32.ActiveCfg = Profile|Win32
		{371B9FA9-4C90-4AC6-A123-ACED756D6C77}.Profile|Win32.Build.0 = Profile|Win32
		{371B9FA9-4C90-4AC6-A123-ACED756D6C77}.Profile|x64.ActiveCfg = Profile|x64
		{371B9FA9-4C90-4AC6-A123-ACED756D6C77}.Profile|x64.Build.0 = Profile|x64
		{371B9FA9-4C90-4AC6-A123-ACED756D6C77}.Profile|x86.ActiveCfg = Profile|Win32
		{371B9FA9-4C90-4AC6-A123-ACED756D6C77}.Profile|x86.Build.0 = Profile|Win32
		{371B9FA9-4C90-4AC6-A123-ACED756D6C77}.Release|Win32.ActiveCfg = Release|Win32
		{371B9FA9-4C90-4AC6-A123-ACED756D6C77}.Release|Win32.Build.0 = Release|Win32
		{371B9FA9-4C90-4AC6-A123-ACED756D6C77}.Release|x64.ActiveCfg = Release|x64
		{371B9FA9-4C90-4AC6-A123-ACED756D6C77}.Release|x64.Build.0 = Release|x64
		{371B9FA9-4C90-4AC6-A123-ACED756D6C77}.Release|x86.ActiveCfg = Release|Win32
		{371B9FA9-4C90-4AC6-A123-ACED756D6C77}.Release|x86.Build.0 = Release|Win32
		{D557F150-BCEE-4360-9561-087E487881C8}.Debug|Win32.ActiveCfg = Debug|Win32
		{D557F150-BCEE-4360-9561-087E487881C8}.Debug|Win32.Build.0 = Debug|Win32
		{D557F150-BCEE-4360-9561-087E487881C8}.Debug|x64.ActiveCfg = Debug|x64
		{D557F150-BCEE-4360-9561-087E487881C8}.Debug|x64.Build.0 = Debug|x64
		{D557F150-BCEE-4360-9561-087E487881C8}.Debug|x86.ActiveCfg = Debug|Win32
		{D557F150-BCEE-4360-9561-087E487881C8}.Debug|x86.Build.0 = Debug|Win32
		{D557F150-BCEE-4360-9561-087E487881C8}.Profile|Win32.ActiveCfg = Release|Win32
		{D557F150-BCEE-4360-9561-087E487881C8}.Profile|Win32.Build.0 = Release|Win32
		{D557F150-BCEE-4360-9561-087E487881C8}.Profile|x64.ActiveCfg = Release|x64
		{D557F150-BCEE-4360-9561-087E487881C8}.Profile|x64.Build.0 = Release|x64
		{D557F150-BCEE-4360-9561-087E487881C8}.Profile|x86.ActiveCfg = Release|Win32
		{D557F150-BCEE-4360-9561-087E487881C8}.Profile|x86.Build.0 = Release|Win32
		{D557F150-BCEE-4360-9561-087E487881C8}.Release|Win32.ActiveCfg = Release|Win32
		{D557F150-BCEE-4360-9561-087E487881C8}.Release|Win32.Build.0 = Release|Win32
		{D557F150-BCEE-4360-9561-087E487881C8}.Release|x64.ActiveCfg = Release|x64
		{D557F150-BCEE-4360-9561-087E487881C8}.Release|x64.Build.0 = Release|x64
		{D557F150-BCEE-4360-9561-087E487881C8}.Release|x86.ActiveCfg = Release|Win32
		{D557F150-BCEE-4360-9561-087E487881C8}.Release|x86.Build.0 = Release|Win32
		{4C2F0338-8043-4895-9441-43FD0FB12083}.Debug|Win32.ActiveCfg = Debug|Win32
		{4C2F0338-8043-4895-9441-43FD0FB12083}.Debug|Win32.Build.0 = Debug|Win32
		{4C2F0338-8043-4895-9441-43FD0FB12083}.Debug|x64.ActiveCfg = Debug|x64
		{4C2F0338-8043-4895-9441-43FD0FB12083}.Debug|x64.Build.0 = Debug|x64
		{4C2F0338-8043-4895-9441-43FD0FB12083}.Debug|x86.ActiveCfg = Debug|Win32
		{4C2F0338-8043-4895-9441-43FD0FB12083}.Debug|x86.Build.0 = Debug|Win32
		{4C2F0338-8043-4895-9441-43FD0FB12083}.Profile|Win32.ActiveCfg = Release|Win32
		{4C2F0338-8043-4895-9441-43FD0FB12083}.Profile|Win32.Build.0 = Release|Win32
		{4C2F0338-8043-4895-9441-43FD0FB12083}.Profile|x64.ActiveCfg = Release|x64
		{4C2F0338-8043-4895-9441-43FD0FB12083}.Profile|x64.Build.0 = Release|x64
		{4C2F0338-8043-4895-9441-43FD0FB12083}.Profile|x86.ActiveCfg = Release|Win32
		{4C2F0338-8043-4895-9441-43FD0FB12083}.Profile|x86.Build.0 = Release|Win32
		{4C2F0338-8043-4895-9441-43FD0FB12083}.Release|Win32.ActiveCfg = Release|Win32
		{4C2F0338-8043-4895-9441-43FD0FB12083}.Release|Win32.Build.0 = Release|Win32
		{4C2F0338-8043-4895-9441-43FD0FB12083}.Release|x64.ActiveCfg = Release|x64
		{4C2F0338-8043-4895-9441-43FD0FB12083}.Release|x64.Build.0 = Release|x64
		{4C2F0338-8043-4895-9441-43FD0FB12083}.Release|x86.ActiveCfg = Release|Win32
		{4C2F0338-8043-4895-9441-43FD0FB12083}.Release|x86.Build.0 = Release|Win32
	EndGlobalSection
	GlobalSection(SolutionProperties) = preSolution
		HideSolutionNode = FALSE
	EndGlobalSection
	GlobalSection(ExtensibilityGlobals) = postSolution
		SolutionGuid = {86D3D049-41C2-4C6D-B25B-563B860E506D}
	EndGlobalSection
EndGlobal
