<?xml version="1.0" encoding="utf-8"?>
<Project ToolsVersion="4.0" xmlns="http://schemas.microsoft.com/developer/msbuild/2003">
  <ItemGroup>
    <Filter Include="Math">
      <UniqueIdentifier>{14bcef22-15a5-4213-8ad6-d6d5dfe4a9c6}</UniqueIdentifier>
    </Filter>
    <Filter Include="Common">
      <UniqueIdentifier>{bf37ed69-4348-40cb-a5f8-05b6e254df7b}</UniqueIdentifier>
    </Filter>
    <Filter Include="Shaders">
      <UniqueIdentifier>{cdfc8819-7e01-4a64-ad55-d4d9eee98bb6}</UniqueIdentifier>
    </Filter>
    <Filter Include="D3DWrapper">
      <UniqueIdentifier>{df923963-1277-46f8-b455-1351c2a4b4c5}</UniqueIdentifier>
    </Filter>
    <Filter Include="Scene">
      <UniqueIdentifier>{f98c28bd-cca2-4c57-a4b8-65c8e1756ab7}</UniqueIdentifier>
    </Filter>
    <Filter Include="Profiler">
      <UniqueIdentifier>{3336e0bf-4978-4e16-ad21-b693c4acdb46}</UniqueIdentifier>
    </Filter>
    <Filter Include="RenderPasses">
      <UniqueIdentifier>{b02df4a5-0490-4ee5-850e-5486e84ea2c7}</UniqueIdentifier>
    </Filter>
  </ItemGroup>
  <ItemGroup>
    <ClInclude Include="..\Include\Math\Math.h">
      <Filter>Math</Filter>
    </ClInclude>
    <ClInclude Include="..\Include\Math\Plane.h">
      <Filter>Math</Filter>
    </ClInclude>
    <ClInclude Include="..\Include\Math\Transform.h">
      <Filter>Math</Filter>
    </ClInclude>
    <ClInclude Include="..\Include\Common\Window.h">
      <Filter>Common</Filter>
    </ClInclude>
    <ClInclude Include="..\Include\Common\BasicTypes.h">
      <Filter>Common</Filter>
    </ClInclude>
    <ClInclude Include="..\Include\Common\Application.h">
      <Filter>Common</Filter>
    </ClInclude>
    <ClInclude Include="..\Include\Common\Common.h">
      <Filter>Common</Filter>
    </ClInclude>
    <ClInclude Include="..\Include\Math\OverlapTest.h">
      <Filter>Math</Filter>
    </ClInclude>
    <ClInclude Include="..\Include\Math\EulerAngles.h">
      <Filter>Math</Filter>
    </ClInclude>
    <ClInclude Include="..\Include\Math\Quaternion.h">
      <Filter>Math</Filter>
    </ClInclude>
    <ClInclude Include="..\Include\Math\BasisAxes.h">
      <Filter>Math</Filter>
    </ClInclude>
    <ClInclude Include="..\Include\Math\AxisAngle.h">
      <Filter>Math</Filter>
    </ClInclude>
    <ClInclude Include="..\Include\Math\Vector2.h">
      <Filter>Math</Filter>
    </ClInclude>
    <ClInclude Include="..\Include\Math\Matrix4.h">
      <Filter>Math</Filter>
    </ClInclude>
    <ClInclude Include="..\Include\Math\Vector3.h">
      <Filter>Math</Filter>
    </ClInclude>
    <ClInclude Include="..\Include\Math\Vector4.h">
      <Filter>Math</Filter>
    </ClInclude>
    <ClInclude Include="..\Include\Math\AxisAlignedBox.h">
      <Filter>Math</Filter>
    </ClInclude>
    <ClInclude Include="..\Include\Math\Frustum.h">
      <Filter>Math</Filter>
    </ClInclude>
    <ClInclude Include="..\Include\Math\OrientedBox.h">
      <Filter>Math</Filter>
    </ClInclude>
    <ClInclude Include="..\Include\Math\Sphere.h">
      <Filter>Math</Filter>
    </ClInclude>
    <ClInclude Include="..\Include\Math\SphericalHarmonics.h">
      <Filter>Math</Filter>
    </ClInclude>
    <ClInclude Include="..\Include\Math\Cone.h">
      <Filter>Math</Filter>
    </ClInclude>
    <ClInclude Include="..\Include\RenderPasses\CalcTextureLuminancePass.h">
      <Filter>RenderPasses</Filter>
    </ClInclude>
    <ClInclude Include="..\Include\RenderPasses\RenderGBufferPass.h">
      <Filter>RenderPasses</Filter>
    </ClInclude>
    <ClInclude Include="..\Include\RenderPasses\ScaleTexturePass.h">
      <Filter>RenderPasses</Filter>
    </ClInclude>
    <ClInclude Include="..\Include\RenderPasses\TiledLightCullingPass.h">
      <Filter>RenderPasses</Filter>
    </ClInclude>
    <ClInclude Include="..\Include\RenderPasses\TiledShadingPass.h">
      <Filter>RenderPasses</Filter>
    </ClInclude>
    <ClInclude Include="..\Include\D3DWrapper\GraphicsDevice.h">
      <Filter>D3DWrapper</Filter>
    </ClInclude>
    <ClInclude Include="..\Include\D3DWrapper\GraphicsFactory.h">
      <Filter>D3DWrapper</Filter>
    </ClInclude>
    <ClInclude Include="..\Include\D3DWrapper\GraphicsUtils.h">
      <Filter>D3DWrapper</Filter>
    </ClInclude>
    <ClInclude Include="..\Include\D3DWrapper\RenderEnv.h">
      <Filter>D3DWrapper</Filter>
    </ClInclude>
    <ClInclude Include="..\Include\D3DWrapper\CommandList.h">
      <Filter>D3DWrapper</Filter>
    </ClInclude>
    <ClInclude Include="..\Include\D3DWrapper\CommandSignature.h">
      <Filter>D3DWrapper</Filter>
    </ClInclude>
    <ClInclude Include="..\Include\D3DWrapper\DescriptorHeap.h">
      <Filter>D3DWrapper</Filter>
    </ClInclude>
    <ClInclude Include="..\Include\D3DWrapper\Fence.h">
      <Filter>D3DWrapper</Filter>
    </ClInclude>
    <ClInclude Include="..\Include\D3DWrapper\PipelineState.h">
      <Filter>D3DWrapper</Filter>
    </ClInclude>
    <ClInclude Include="..\Include\D3DWrapper\RootSignature.h">
      <Filter>D3DWrapper</Filter>
    </ClInclude>
    <ClInclude Include="..\Include\D3DWrapper\CommandQueue.h">
      <Filter>D3DWrapper</Filter>
    </ClInclude>
    <ClInclude Include="..\Include\D3DWrapper\SwapChain.h">
      <Filter>D3DWrapper</Filter>
    </ClInclude>
    <ClInclude Include="..\Include\D3DWrapper\GraphicsResource.h">
      <Filter>D3DWrapper</Filter>
    </ClInclude>
    <ClInclude Include="..\Include\D3DWrapper\Common.h">
      <Filter>D3DWrapper</Filter>
    </ClInclude>
    <ClInclude Include="..\Include\RenderPasses\VisualizeTexturePass.h">
      <Filter>RenderPasses</Filter>
    </ClInclude>
    <ClInclude Include="..\Include\Math\SphericalTrigonometry.h">
      <Filter>Math</Filter>
    </ClInclude>
    <ClInclude Include="..\Include\Math\Triangle.h">
      <Filter>Math</Filter>
    </ClInclude>
    <ClInclude Include="..\Include\Math\Quad.h">
      <Filter>Math</Filter>
    </ClInclude>
    <ClInclude Include="..\Include\Common\FileUtilities.h">
      <Filter>Common</Filter>
    </ClInclude>
    <ClInclude Include="..\Include\RenderPasses\DownscaleAndReprojectDepthPass.h">
      <Filter>RenderPasses</Filter>
    </ClInclude>
    <ClInclude Include="..\Include\RenderPasses\FillVisibilityBufferPass.h">
      <Filter>RenderPasses</Filter>
    </ClInclude>
    <ClInclude Include="..\Include\RenderPasses\CreateMainDrawCommandsPass.h">
      <Filter>RenderPasses</Filter>
    </ClInclude>
    <ClInclude Include="..\Include\Math\Matrix3.h">
      <Filter>Math</Filter>
    </ClInclude>
    <ClInclude Include="..\Include\Common\StringUtilities.h">
      <Filter>Common</Filter>
    </ClInclude>
    <ClInclude Include="..\Include\RenderPasses\CreateFalseNegativeDrawCommandsPass.h">
      <Filter>RenderPasses</Filter>
    </ClInclude>
    <ClInclude Include="..\Include\RenderPasses\Common.h">
      <Filter>RenderPasses</Filter>
    </ClInclude>
    <ClInclude Include="..\Include\RenderPasses\CalcShadingRectanglesPass.h">
      <Filter>RenderPasses</Filter>
    </ClInclude>
    <ClInclude Include="..\Include\RenderPasses\FillMeshTypeDepthBufferPass.h">
      <Filter>RenderPasses</Filter>
    </ClInclude>
    <ClInclude Include="..\Include\RenderPasses\CreateVoxelizeCommandsPass.h">
      <Filter>RenderPasses</Filter>
    </ClInclude>
    <ClInclude Include="..\Include\RenderPasses\VoxelizePass.h">
      <Filter>RenderPasses</Filter>
    </ClInclude>
    <ClInclude Include="..\Include\RenderPasses\VisualizeVoxelReflectancePass.h">
      <Filter>RenderPasses</Filter>
    </ClInclude>
    <ClInclude Include="..\Include\RenderPasses\FrustumMeshCullingPass.h">
      <Filter>RenderPasses</Filter>
    </ClInclude>
    <ClInclude Include="..\Include\D3DWrapper\QueryHeap.h">
      <Filter>D3DWrapper</Filter>
    </ClInclude>
    <ClInclude Include="..\Include\RenderPasses\LightRenderData.h">
      <Filter>RenderPasses</Filter>
    </ClInclude>
    <ClInclude Include="..\Include\Common\Color.h">
      <Filter>Common</Filter>
    </ClInclude>
    <ClInclude Include="..\Include\Profiler\CPUProfiler.h">
      <Filter>Profiler</Filter>
    </ClInclude>
    <ClInclude Include="..\Include\Profiler\GPUProfiler.h">
      <Filter>Profiler</Filter>
    </ClInclude>
    <ClInclude Include="..\Include\Scene\Camera.h">
      <Filter>Scene</Filter>
    </ClInclude>
    <ClInclude Include="..\Include\Scene\Light.h">
      <Filter>Scene</Filter>
    </ClInclude>
    <ClInclude Include="..\Include\Scene\Material.h">
      <Filter>Scene</Filter>
    </ClInclude>
    <ClInclude Include="..\Include\Scene\Mesh.h">
      <Filter>Scene</Filter>
    </ClInclude>
    <ClInclude Include="..\Include\Scene\MeshBatch.h">
      <Filter>Scene</Filter>
    </ClInclude>
    <ClInclude Include="..\Include\Scene\OBJFileLoader.h">
      <Filter>Scene</Filter>
    </ClInclude>
    <ClInclude Include="..\Include\Scene\Scene.h">
      <Filter>Scene</Filter>
    </ClInclude>
    <ClInclude Include="..\Include\Scene\SceneLoader.h">
      <Filter>Scene</Filter>
    </ClInclude>
    <ClInclude Include="..\Include\Scene\SceneObject.h">
      <Filter>Scene</Filter>
    </ClInclude>
    <ClInclude Include="..\Include\RenderPasses\GeometryBuffer.h">
      <Filter>RenderPasses</Filter>
    </ClInclude>
    <ClInclude Include="..\Include\RenderPasses\MaterialRenderResources.h">
      <Filter>RenderPasses</Filter>
    </ClInclude>
    <ClInclude Include="..\Include\RenderPasses\MeshRenderResources.h">
      <Filter>RenderPasses</Filter>
    </ClInclude>
    <ClInclude Include="..\Include\RenderPasses\Utils.h">
      <Filter>RenderPasses</Filter>
    </ClInclude>
    <ClInclude Include="..\Include\RenderPasses\RenderSpotLightShadowMapsPass.h">
      <Filter>RenderPasses</Filter>
    </ClInclude>
    <ClInclude Include="..\Include\Math\SAT.h">
      <Filter>Math</Filter>
    </ClInclude>
  </ItemGroup>
  <ItemGroup>
    <ClCompile Include="..\Source\Math\Math.cpp">
      <Filter>Math</Filter>
    </ClCompile>
    <ClCompile Include="..\Source\Math\Transform.cpp">
      <Filter>Math</Filter>
    </ClCompile>
    <ClCompile Include="..\Source\Math\Plane.cpp">
      <Filter>Math</Filter>
    </ClCompile>
    <ClCompile Include="..\Source\Common\Window.cpp">
      <Filter>Common</Filter>
    </ClCompile>
    <ClCompile Include="..\Source\Common\Application.cpp">
      <Filter>Common</Filter>
    </ClCompile>
    <ClCompile Include="..\Source\Common\Common.cpp">
      <Filter>Common</Filter>
    </ClCompile>
    <ClCompile Include="..\Source\Math\OverlapTest.cpp">
      <Filter>Math</Filter>
    </ClCompile>
    <ClCompile Include="..\Source\Math\EulerAngles.cpp">
      <Filter>Math</Filter>
    </ClCompile>
    <ClCompile Include="..\Source\Math\Quaternion.cpp">
      <Filter>Math</Filter>
    </ClCompile>
    <ClCompile Include="..\Source\Math\BasisAxes.cpp">
      <Filter>Math</Filter>
    </ClCompile>
    <ClCompile Include="..\Source\Math\AxisAngle.cpp">
      <Filter>Math</Filter>
    </ClCompile>
    <ClCompile Include="..\Source\Math\Vector2.cpp">
      <Filter>Math</Filter>
    </ClCompile>
    <ClCompile Include="..\Source\Math\Matrix4.cpp">
      <Filter>Math</Filter>
    </ClCompile>
    <ClCompile Include="..\Source\Math\Vector3.cpp">
      <Filter>Math</Filter>
    </ClCompile>
    <ClCompile Include="..\Source\Math\Vector4.cpp">
      <Filter>Math</Filter>
    </ClCompile>
    <ClCompile Include="..\Source\Math\AxisAlignedBox.cpp">
      <Filter>Math</Filter>
    </ClCompile>
    <ClCompile Include="..\Source\Math\Frustum.cpp">
      <Filter>Math</Filter>
    </ClCompile>
    <ClCompile Include="..\Source\Math\OrientedBox.cpp">
      <Filter>Math</Filter>
    </ClCompile>
    <ClCompile Include="..\Source\Math\Sphere.cpp">
      <Filter>Math</Filter>
    </ClCompile>
    <ClCompile Include="..\Source\Math\SphericalHarmonics.cpp">
      <Filter>Math</Filter>
    </ClCompile>
    <ClCompile Include="..\Source\Math\Cone.cpp">
      <Filter>Math</Filter>
    </ClCompile>
    <ClCompile Include="..\Source\RenderPasses\CalcTextureLuminancePass.cpp">
      <Filter>RenderPasses</Filter>
    </ClCompile>
    <ClCompile Include="..\Source\RenderPasses\RenderGBufferPass.cpp">
      <Filter>RenderPasses</Filter>
    </ClCompile>
    <ClCompile Include="..\Source\RenderPasses\ScaleTexturePass.cpp">
      <Filter>RenderPasses</Filter>
    </ClCompile>
    <ClCompile Include="..\Source\RenderPasses\TiledLightCullingPass.cpp">
      <Filter>RenderPasses</Filter>
    </ClCompile>
    <ClCompile Include="..\Source\RenderPasses\TiledShadingPass.cpp">
      <Filter>RenderPasses</Filter>
    </ClCompile>
    <ClCompile Include="..\Source\D3DWrapper\GraphicsDevice.cpp">
      <Filter>D3DWrapper</Filter>
    </ClCompile>
    <ClCompile Include="..\Source\D3DWrapper\GraphicsFactory.cpp">
      <Filter>D3DWrapper</Filter>
    </ClCompile>
    <ClCompile Include="..\Source\D3DWrapper\GraphicsUtils.cpp">
      <Filter>D3DWrapper</Filter>
    </ClCompile>
    <ClCompile Include="..\Source\D3DWrapper\CommandList.cpp">
      <Filter>D3DWrapper</Filter>
    </ClCompile>
    <ClCompile Include="..\Source\D3DWrapper\CommandSignature.cpp">
      <Filter>D3DWrapper</Filter>
    </ClCompile>
    <ClCompile Include="..\Source\D3DWrapper\DescriptorHeap.cpp">
      <Filter>D3DWrapper</Filter>
    </ClCompile>
    <ClCompile Include="..\Source\D3DWrapper\Fence.cpp">
      <Filter>D3DWrapper</Filter>
    </ClCompile>
    <ClCompile Include="..\Source\D3DWrapper\PipelineState.cpp">
      <Filter>D3DWrapper</Filter>
    </ClCompile>
    <ClCompile Include="..\Source\D3DWrapper\RootSignature.cpp">
      <Filter>D3DWrapper</Filter>
    </ClCompile>
    <ClCompile Include="..\Source\D3DWrapper\CommandQueue.cpp">
      <Filter>D3DWrapper</Filter>
    </ClCompile>
    <ClCompile Include="..\Source\D3DWrapper\SwapChain.cpp">
      <Filter>D3DWrapper</Filter>
    </ClCompile>
    <ClCompile Include="..\Source\D3DWrapper\GraphicsResource.cpp">
      <Filter>D3DWrapper</Filter>
    </ClCompile>
    <ClCompile Include="..\Source\RenderPasses\VisualizeTexturePass.cpp">
      <Filter>RenderPasses</Filter>
    </ClCompile>
    <ClCompile Include="..\Source\Math\SphericalTrigonometry.cpp">
      <Filter>Math</Filter>
    </ClCompile>
    <ClCompile Include="..\Source\Math\Triangle.cpp">
      <Filter>Math</Filter>
    </ClCompile>
    <ClCompile Include="..\Source\Math\Quad.cpp">
      <Filter>Math</Filter>
    </ClCompile>
    <ClCompile Include="..\Source\Common\FileUtilities.cpp">
      <Filter>Common</Filter>
    </ClCompile>
    <ClCompile Include="..\Source\RenderPasses\DownscaleAndReprojectDepthPass.cpp">
      <Filter>RenderPasses</Filter>
    </ClCompile>
    <ClCompile Include="..\Source\RenderPasses\FillVisibilityBufferPass.cpp">
      <Filter>RenderPasses</Filter>
    </ClCompile>
    <ClCompile Include="..\Source\RenderPasses\CreateMainDrawCommandsPass.cpp">
      <Filter>RenderPasses</Filter>
    </ClCompile>
    <ClCompile Include="..\Source\Math\Matrix3.cpp">
      <Filter>Math</Filter>
    </ClCompile>
    <ClCompile Include="..\Source\Common\StringUtilities.cpp">
      <Filter>Common</Filter>
    </ClCompile>
    <ClCompile Include="..\Source\RenderPasses\CreateFalseNegativeDrawCommandsPass.cpp">
      <Filter>RenderPasses</Filter>
    </ClCompile>
    <ClCompile Include="..\Source\RenderPasses\CalcShadingRectanglesPass.cpp">
      <Filter>RenderPasses</Filter>
    </ClCompile>
    <ClCompile Include="..\Source\RenderPasses\FillMeshTypeDepthBufferPass.cpp">
      <Filter>RenderPasses</Filter>
    </ClCompile>
    <ClCompile Include="..\Source\RenderPasses\CreateVoxelizeCommandsPass.cpp">
      <Filter>RenderPasses</Filter>
    </ClCompile>
    <ClCompile Include="..\Source\RenderPasses\VoxelizePass.cpp">
      <Filter>RenderPasses</Filter>
    </ClCompile>
    <ClCompile Include="..\Source\RenderPasses\VisualizeVoxelReflectancePass.cpp">
      <Filter>RenderPasses</Filter>
    </ClCompile>
    <ClCompile Include="..\Source\RenderPasses\FrustumMeshCullingPass.cpp">
      <Filter>RenderPasses</Filter>
    </ClCompile>
    <ClCompile Include="..\Source\D3DWrapper\QueryHeap.cpp">
      <Filter>D3DWrapper</Filter>
    </ClCompile>
    <ClCompile Include="..\Source\Profiler\CPUProfiler.cpp">
      <Filter>Profiler</Filter>
    </ClCompile>
    <ClCompile Include="..\Source\Profiler\GPUProfiler.cpp">
      <Filter>Profiler</Filter>
    </ClCompile>
    <ClCompile Include="..\Source\Scene\Camera.cpp">
      <Filter>Scene</Filter>
    </ClCompile>
    <ClCompile Include="..\Source\Scene\Light.cpp">
      <Filter>Scene</Filter>
    </ClCompile>
    <ClCompile Include="..\Source\Scene\Material.cpp">
      <Filter>Scene</Filter>
    </ClCompile>
    <ClCompile Include="..\Source\Scene\Mesh.cpp">
      <Filter>Scene</Filter>
    </ClCompile>
    <ClCompile Include="..\Source\Scene\MeshBatch.cpp">
      <Filter>Scene</Filter>
    </ClCompile>
    <ClCompile Include="..\Source\Scene\OBJFileLoader.cpp">
      <Filter>Scene</Filter>
    </ClCompile>
    <ClCompile Include="..\Source\Scene\Scene.cpp">
      <Filter>Scene</Filter>
    </ClCompile>
    <ClCompile Include="..\Source\Scene\SceneLoader.cpp">
      <Filter>Scene</Filter>
    </ClCompile>
    <ClCompile Include="..\Source\Scene\SceneObject.cpp">
      <Filter>Scene</Filter>
    </ClCompile>
    <ClCompile Include="..\Source\RenderPasses\GeometryBuffer.cpp">
      <Filter>RenderPasses</Filter>
    </ClCompile>
    <ClCompile Include="..\Source\RenderPasses\MaterialRenderResources.cpp">
      <Filter>RenderPasses</Filter>
    </ClCompile>
    <ClCompile Include="..\Source\RenderPasses\MeshRenderResources.cpp">
      <Filter>RenderPasses</Filter>
    </ClCompile>
    <ClCompile Include="..\Source\RenderPasses\Utils.cpp">
      <Filter>RenderPasses</Filter>
    </ClCompile>
    <ClCompile Include="..\Source\RenderPasses\RenderSpotLightShadowMapsPass.cpp">
      <Filter>RenderPasses</Filter>
    </ClCompile>
    <ClCompile Include="..\Source\Math\SAT.cpp">
      <Filter>Math</Filter>
    </ClCompile>
  </ItemGroup>
  <ItemGroup>
    <None Include="..\Shaders\PassThroughPS.hlsl">
      <Filter>Shaders</Filter>
    </None>
    <None Include="..\Shaders\PassThroughVS.hlsl">
      <Filter>Shaders</Filter>
    </None>
    <None Include="..\Shaders\FullScreenTriangleVS.hlsl">
      <Filter>Shaders</Filter>
    </None>
    <None Include="..\Shaders\Reconstruction.hlsl">
      <Filter>Shaders</Filter>
    </None>
    <None Include="..\Shaders\CalcTextureLuminancePS.hlsl">
      <Filter>Shaders</Filter>
    </None>
    <None Include="..\Shaders\ScaleTexture.hlsl">
      <Filter>Shaders</Filter>
    </None>
    <None Include="..\Shaders\OverlapTest.hlsl">
      <Filter>Shaders</Filter>
    </None>
    <None Include="..\Shaders\Foundation.hlsl">
      <Filter>Shaders</Filter>
    </None>
    <None Include="..\Shaders\TiledLightCullingCS.hlsl">
      <Filter>Shaders</Filter>
    </None>
    <None Include="..\Shaders\RenderGBufferPS.hlsl">
      <Filter>Shaders</Filter>
    </None>
    <None Include="..\Shaders\RenderGBufferVS.hlsl">
      <Filter>Shaders</Filter>
    </None>
    <None Include="..\Shaders\VisualizeTexturePS.hlsl">
      <Filter>Shaders</Filter>
    </None>
    <None Include="..\Shaders\SphericalHarmonics.hlsl">
      <Filter>Shaders</Filter>
    </None>
    <None Include="..\Shaders\BoundingVolumes.hlsl">
      <Filter>Shaders</Filter>
    </None>
    <None Include="..\Shaders\DownscaleAndReprojectDepthCS.hlsl">
      <Filter>Shaders</Filter>
    </None>
    <None Include="..\Shaders\FillVisibilityBufferVS.hlsl">
      <Filter>Shaders</Filter>
    </None>
    <None Include="..\Shaders\CopyReprojectedDepthPS.hlsl">
      <Filter>Shaders</Filter>
    </None>
    <None Include="..\Shaders\FillVisibilityBufferPS.hlsl">
      <Filter>Shaders</Filter>
    </None>
    <None Include="..\Shaders\FrustumMeshCullingCS.hlsl">
      <Filter>Shaders</Filter>
    </None>
    <None Include="..\Shaders\CreateMainDrawCommandsCS.hlsl">
      <Filter>Shaders</Filter>
    </None>
    <None Include="..\Shaders\CreateFalseNegativeDrawCommandsCS.hlsl">
      <Filter>Shaders</Filter>
    </None>
    <None Include="..\Shaders\TiledShadingPS.hlsl">
      <Filter>Shaders</Filter>
    </None>
    <None Include="..\Shaders\TiledShadingVS.hlsl">
      <Filter>Shaders</Filter>
    </None>
    <None Include="..\Shaders\CalcShadingRectanglesCS.hlsl">
      <Filter>Shaders</Filter>
    </None>
    <None Include="..\Shaders\FillMeshTypeDepthBufferPS.hlsl">
      <Filter>Shaders</Filter>
    </None>
    <None Include="..\Shaders\CreateVoxelizeCommandsCS.hlsl">
      <Filter>Shaders</Filter>
    </None>
    <None Include="..\Shaders\VoxelizeVS.hlsl">
      <Filter>Shaders</Filter>
    </None>
    <None Include="..\Shaders\VoxelizePS.hlsl">
      <Filter>Shaders</Filter>
    </None>
    <None Include="..\Shaders\VoxelizeGS.hlsl">
      <Filter>Shaders</Filter>
    </None>
    <None Include="..\Shaders\VisualizeVoxelReflectancePS.hlsl">
      <Filter>Shaders</Filter>
    </None>
    <None Include="..\Shaders\GammaCorrection.hlsl">
      <Filter>Shaders</Filter>
    </None>
    <None Include="..\Shaders\LightUtils.hlsl">
      <Filter>Shaders</Filter>
    </None>
    <None Include="..\Shaders\ShadowUtils.hlsl">
      <Filter>Shaders</Filter>
    </None>
    <None Include="..\Shaders\EncodingUtils.hlsl">
      <Filter>Shaders</Filter>
    </None>
    <None Include="..\Shaders\RenderSpotLightShadowMapVS.hlsl">
      <Filter>Shaders</Filter>
    </None>
  </ItemGroup>
</Project>