<?xml version="1.0" encoding="utf-8"?>
<Project ToolsVersion="4.0" xmlns="http://schemas.microsoft.com/developer/msbuild/2003">
  <ItemGroup>
    <Filter Include="Math">
      <UniqueIdentifier>{14bcef22-15a5-4213-8ad6-d6d5dfe4a9c6}</UniqueIdentifier>
    </Filter>
    <Filter Include="Common">
      <UniqueIdentifier>{bf37ed69-4348-40cb-a5f8-05b6e254df7b}</UniqueIdentifier>
    </Filter>
    <Filter Include="Shaders">
      <UniqueIdentifier>{cdfc8819-7e01-4a64-ad55-d4d9eee98bb6}</UniqueIdentifier>
    </Filter>
    <Filter Include="DDSTextureLoader">
      <UniqueIdentifier>{719216ed-8ae2-47b7-8ce1-405c4d23ebc8}</UniqueIdentifier>
    </Filter>
    <Filter Include="D3DWrapper">
      <UniqueIdentifier>{df923963-1277-46f8-b455-1351c2a4b4c5}</UniqueIdentifier>
    </Filter>
    <Filter Include="RenderPasses">
      <UniqueIdentifier>{b02df4a5-0490-4ee5-850e-5486e84ea2c7}</UniqueIdentifier>
    </Filter>
  </ItemGroup>
  <ItemGroup>
    <ClInclude Include="..\Include\Math\Math.h">
      <Filter>Math</Filter>
    </ClInclude>
    <ClInclude Include="..\Include\Math\Plane.h">
      <Filter>Math</Filter>
    </ClInclude>
    <ClInclude Include="..\Include\Math\Transform.h">
      <Filter>Math</Filter>
    </ClInclude>
    <ClInclude Include="..\Include\Common\Window.h">
      <Filter>Common</Filter>
    </ClInclude>
    <ClInclude Include="..\Include\Common\BasicTypes.h">
      <Filter>Common</Filter>
    </ClInclude>
    <ClInclude Include="..\Include\Common\Application.h">
      <Filter>Common</Filter>
    </ClInclude>
    <ClInclude Include="..\Include\Common\Common.h">
      <Filter>Common</Filter>
    </ClInclude>
    <ClInclude Include="..\Include\Math\OverlapTest.h">
      <Filter>Math</Filter>
    </ClInclude>
    <ClInclude Include="..\Include\DDSTextureLoader\DDSTextureLoader.h">
      <Filter>DDSTextureLoader</Filter>
    </ClInclude>
    <ClInclude Include="..\Include\Common\MeshData.h">
      <Filter>Common</Filter>
    </ClInclude>
    <ClInclude Include="..\Include\Common\MeshDataFactory.h">
      <Filter>Common</Filter>
    </ClInclude>
    <ClInclude Include="..\Include\Common\Material.h">
      <Filter>Common</Filter>
    </ClInclude>
    <ClInclude Include="..\Include\Common\Color.h">
      <Filter>Common</Filter>
    </ClInclude>
    <ClInclude Include="..\Include\Common\MeshDataUtilities.h">
      <Filter>Common</Filter>
    </ClInclude>
    <ClInclude Include="..\Include\Common\Camera.h">
      <Filter>Common</Filter>
    </ClInclude>
    <ClInclude Include="..\Include\Common\SceneObject.h">
      <Filter>Common</Filter>
    </ClInclude>
    <ClInclude Include="..\Include\Math\Degree.h">
      <Filter>Math</Filter>
    </ClInclude>
    <ClInclude Include="..\Include\Math\Radian.h">
      <Filter>Math</Filter>
    </ClInclude>
    <ClInclude Include="..\Include\Math\EulerAngles.h">
      <Filter>Math</Filter>
    </ClInclude>
    <ClInclude Include="..\Include\Math\Quaternion.h">
      <Filter>Math</Filter>
    </ClInclude>
    <ClInclude Include="..\Include\Math\BasisAxes.h">
      <Filter>Math</Filter>
    </ClInclude>
    <ClInclude Include="..\Include\Math\AxisAngle.h">
      <Filter>Math</Filter>
    </ClInclude>
    <ClInclude Include="..\Include\Math\Vector2.h">
      <Filter>Math</Filter>
    </ClInclude>
    <ClInclude Include="..\Include\Math\Matrix4.h">
      <Filter>Math</Filter>
    </ClInclude>
    <ClInclude Include="..\Include\Math\Vector3.h">
      <Filter>Math</Filter>
    </ClInclude>
    <ClInclude Include="..\Include\Math\Vector4.h">
      <Filter>Math</Filter>
    </ClInclude>
    <ClInclude Include="..\Include\Math\AxisAlignedBox.h">
      <Filter>Math</Filter>
    </ClInclude>
    <ClInclude Include="..\Include\Math\Frustum.h">
      <Filter>Math</Filter>
    </ClInclude>
    <ClInclude Include="..\Include\Math\OrientedBox.h">
      <Filter>Math</Filter>
    </ClInclude>
    <ClInclude Include="..\Include\Math\Sphere.h">
      <Filter>Math</Filter>
    </ClInclude>
    <ClInclude Include="..\Include\Math\SphericalHarmonics.h">
      <Filter>Math</Filter>
    </ClInclude>
    <ClInclude Include="..\Include\Common\Light.h">
      <Filter>Common</Filter>
    </ClInclude>
    <ClInclude Include="..\Include\Common\MeshBatchData.h">
      <Filter>Common</Filter>
    </ClInclude>
    <ClInclude Include="..\Include\Common\MeshBatch.h">
      <Filter>Common</Filter>
    </ClInclude>
    <ClInclude Include="..\Include\Common\Scene.h">
      <Filter>Common</Filter>
    </ClInclude>
    <ClInclude Include="..\Include\Common\SceneLoader.h">
      <Filter>Common</Filter>
    </ClInclude>
    <ClInclude Include="..\Include\Common\LightBuffer.h">
      <Filter>Common</Filter>
    </ClInclude>
    <ClInclude Include="..\Include\Math\Cone.h">
      <Filter>Math</Filter>
    </ClInclude>
    <ClInclude Include="..\Include\RenderPasses\CalcTextureLuminancePass.h">
      <Filter>RenderPasses</Filter>
    </ClInclude>
    <ClInclude Include="..\Include\RenderPasses\ClearVoxelGridPass.h">
      <Filter>RenderPasses</Filter>
    </ClInclude>
    <ClInclude Include="..\Include\RenderPasses\CreateVoxelGridPass.h">
      <Filter>RenderPasses</Filter>
    </ClInclude>
    <ClInclude Include="..\Include\RenderPasses\RenderGBufferPass.h">
      <Filter>RenderPasses</Filter>
    </ClInclude>
    <ClInclude Include="..\Include\RenderPasses\RenderTiledShadowMapPass.h">
      <Filter>RenderPasses</Filter>
    </ClInclude>
    <ClInclude Include="..\Include\RenderPasses\ScaleTexturePass.h">
      <Filter>RenderPasses</Filter>
    </ClInclude>
    <ClInclude Include="..\Include\RenderPasses\TiledLightCullingPass.h">
      <Filter>RenderPasses</Filter>
    </ClInclude>
    <ClInclude Include="..\Include\RenderPasses\TiledShadingPass.h">
      <Filter>RenderPasses</Filter>
    </ClInclude>
    <ClInclude Include="..\Include\RenderPasses\ViewFrustumCullingPass.h">
      <Filter>RenderPasses</Filter>
    </ClInclude>
    <ClInclude Include="..\Include\RenderPasses\VisualizeVoxelGridPass.h">
      <Filter>RenderPasses</Filter>
    </ClInclude>
    <ClInclude Include="..\Include\D3DWrapper\GraphicsDevice.h">
      <Filter>D3DWrapper</Filter>
    </ClInclude>
    <ClInclude Include="..\Include\D3DWrapper\GraphicsFactory.h">
      <Filter>D3DWrapper</Filter>
    </ClInclude>
    <ClInclude Include="..\Include\D3DWrapper\GraphicsUtils.h">
      <Filter>D3DWrapper</Filter>
    </ClInclude>
    <ClInclude Include="..\Include\D3DWrapper\RenderEnv.h">
      <Filter>D3DWrapper</Filter>
    </ClInclude>
    <ClInclude Include="..\Include\D3DWrapper\CommandList.h">
      <Filter>D3DWrapper</Filter>
    </ClInclude>
    <ClInclude Include="..\Include\D3DWrapper\CommandSignature.h">
      <Filter>D3DWrapper</Filter>
    </ClInclude>
    <ClInclude Include="..\Include\D3DWrapper\DescriptorHeap.h">
      <Filter>D3DWrapper</Filter>
    </ClInclude>
    <ClInclude Include="..\Include\D3DWrapper\Fence.h">
      <Filter>D3DWrapper</Filter>
    </ClInclude>
    <ClInclude Include="..\Include\D3DWrapper\PipelineState.h">
      <Filter>D3DWrapper</Filter>
    </ClInclude>
    <ClInclude Include="..\Include\D3DWrapper\RootSignature.h">
      <Filter>D3DWrapper</Filter>
    </ClInclude>
    <ClInclude Include="..\Include\D3DWrapper\BindingResourceList.h">
      <Filter>D3DWrapper</Filter>
    </ClInclude>
    <ClInclude Include="..\Include\D3DWrapper\CommandQueue.h">
      <Filter>D3DWrapper</Filter>
    </ClInclude>
    <ClInclude Include="..\Include\D3DWrapper\SwapChain.h">
      <Filter>D3DWrapper</Filter>
    </ClInclude>
    <ClInclude Include="..\Include\D3DWrapper\GraphicsResource.h">
      <Filter>D3DWrapper</Filter>
    </ClInclude>
    <ClInclude Include="..\Include\D3DWrapper\Common.h">
      <Filter>D3DWrapper</Filter>
    </ClInclude>
    <ClInclude Include="..\Include\RenderPasses\CreateRenderGBufferCommandsPass.h">
      <Filter>RenderPasses</Filter>
    </ClInclude>
    <ClInclude Include="..\Include\RenderPasses\CreateRenderShadowMapCommandsPass.h">
      <Filter>RenderPasses</Filter>
    </ClInclude>
    <ClInclude Include="..\Include\RenderPasses\SetupTiledShadowMapPass.h">
      <Filter>RenderPasses</Filter>
    </ClInclude>
    <ClInclude Include="..\Include\RenderPasses\VisualizeTexturePass.h">
      <Filter>RenderPasses</Filter>
    </ClInclude>
    <ClInclude Include="..\Include\Common\OBJFileLoader.h">
      <Filter>Common</Filter>
    </ClInclude>
    <ClInclude Include="..\Include\Math\Hash.h">
      <Filter>Math</Filter>
    </ClInclude>
    <ClInclude Include="..\Include\RenderPasses\InjectVirtualPointLightsPass.h">
      <Filter>RenderPasses</Filter>
    </ClInclude>
    <ClInclude Include="..\Include\RenderPasses\PropagateLightPass.h">
      <Filter>RenderPasses</Filter>
    </ClInclude>
    <ClInclude Include="..\Include\RenderPasses\CalcIndirectLightingPass.h">
      <Filter>RenderPasses</Filter>
    </ClInclude>
  </ItemGroup>
  <ItemGroup>
    <ClCompile Include="..\Source\Math\Math.cpp">
      <Filter>Math</Filter>
    </ClCompile>
    <ClCompile Include="..\Source\Math\Transform.cpp">
      <Filter>Math</Filter>
    </ClCompile>
    <ClCompile Include="..\Source\Math\Plane.cpp">
      <Filter>Math</Filter>
    </ClCompile>
    <ClCompile Include="..\Source\Common\Window.cpp">
      <Filter>Common</Filter>
    </ClCompile>
    <ClCompile Include="..\Source\Common\Application.cpp">
      <Filter>Common</Filter>
    </ClCompile>
    <ClCompile Include="..\Source\Common\Common.cpp">
      <Filter>Common</Filter>
    </ClCompile>
    <ClCompile Include="..\Source\Math\OverlapTest.cpp">
      <Filter>Math</Filter>
    </ClCompile>
    <ClCompile Include="..\Source\DDSTextureLoader\DDSTextureLoader.cpp">
      <Filter>DDSTextureLoader</Filter>
    </ClCompile>
    <ClCompile Include="..\Source\Common\MeshDataFactory.cpp">
      <Filter>Common</Filter>
    </ClCompile>
    <ClCompile Include="..\Source\Common\MeshData.cpp">
      <Filter>Common</Filter>
    </ClCompile>
    <ClCompile Include="..\Include\Common\MeshDataUtilities.cpp">
      <Filter>Common</Filter>
    </ClCompile>
    <ClCompile Include="..\Source\Common\Camera.cpp">
      <Filter>Common</Filter>
    </ClCompile>
    <ClCompile Include="..\Source\Common\SceneObject.cpp">
      <Filter>Common</Filter>
    </ClCompile>
    <ClCompile Include="..\Source\Math\Degree.cpp">
      <Filter>Math</Filter>
    </ClCompile>
    <ClCompile Include="..\Source\Math\Radian.cpp">
      <Filter>Math</Filter>
    </ClCompile>
    <ClCompile Include="..\Source\Math\EulerAngles.cpp">
      <Filter>Math</Filter>
    </ClCompile>
    <ClCompile Include="..\Source\Math\Quaternion.cpp">
      <Filter>Math</Filter>
    </ClCompile>
    <ClCompile Include="..\Source\Math\BasisAxes.cpp">
      <Filter>Math</Filter>
    </ClCompile>
    <ClCompile Include="..\Source\Math\AxisAngle.cpp">
      <Filter>Math</Filter>
    </ClCompile>
    <ClCompile Include="..\Source\Math\Vector2.cpp">
      <Filter>Math</Filter>
    </ClCompile>
    <ClCompile Include="..\Source\Math\Matrix4.cpp">
      <Filter>Math</Filter>
    </ClCompile>
    <ClCompile Include="..\Source\Math\Vector3.cpp">
      <Filter>Math</Filter>
    </ClCompile>
    <ClCompile Include="..\Source\Math\Vector4.cpp">
      <Filter>Math</Filter>
    </ClCompile>
    <ClCompile Include="..\Source\Math\AxisAlignedBox.cpp">
      <Filter>Math</Filter>
    </ClCompile>
    <ClCompile Include="..\Source\Math\Frustum.cpp">
      <Filter>Math</Filter>
    </ClCompile>
    <ClCompile Include="..\Source\Math\OrientedBox.cpp">
      <Filter>Math</Filter>
    </ClCompile>
    <ClCompile Include="..\Source\Math\Sphere.cpp">
      <Filter>Math</Filter>
    </ClCompile>
    <ClCompile Include="..\Source\Math\SphericalHarmonics.cpp">
      <Filter>Math</Filter>
    </ClCompile>
    <ClCompile Include="..\Source\Common\Light.cpp">
      <Filter>Common</Filter>
    </ClCompile>
    <ClCompile Include="..\Source\Common\MeshBatchData.cpp">
      <Filter>Common</Filter>
    </ClCompile>
    <ClCompile Include="..\Source\Common\MeshBatch.cpp">
      <Filter>Common</Filter>
    </ClCompile>
    <ClCompile Include="..\Source\Common\Material.cpp">
      <Filter>Common</Filter>
    </ClCompile>
    <ClCompile Include="..\Source\Common\Scene.cpp">
      <Filter>Common</Filter>
    </ClCompile>
    <ClCompile Include="..\Source\Common\SceneLoader.cpp">
      <Filter>Common</Filter>
    </ClCompile>
    <ClCompile Include="..\Source\Common\LightBuffer.cpp">
      <Filter>Common</Filter>
    </ClCompile>
    <ClCompile Include="..\Source\Math\Cone.cpp">
      <Filter>Math</Filter>
    </ClCompile>
    <ClCompile Include="..\Source\RenderPasses\CalcTextureLuminancePass.cpp">
      <Filter>RenderPasses</Filter>
    </ClCompile>
    <ClCompile Include="..\Source\RenderPasses\ClearVoxelGridPass.cpp">
      <Filter>RenderPasses</Filter>
    </ClCompile>
    <ClCompile Include="..\Source\RenderPasses\CreateVoxelGridPass.cpp">
      <Filter>RenderPasses</Filter>
    </ClCompile>
    <ClCompile Include="..\Source\RenderPasses\RenderGBufferPass.cpp">
      <Filter>RenderPasses</Filter>
    </ClCompile>
    <ClCompile Include="..\Source\RenderPasses\RenderTiledShadowMapPass.cpp">
      <Filter>RenderPasses</Filter>
    </ClCompile>
    <ClCompile Include="..\Source\RenderPasses\ScaleTexturePass.cpp">
      <Filter>RenderPasses</Filter>
    </ClCompile>
    <ClCompile Include="..\Source\RenderPasses\TiledLightCullingPass.cpp">
      <Filter>RenderPasses</Filter>
    </ClCompile>
    <ClCompile Include="..\Source\RenderPasses\TiledShadingPass.cpp">
      <Filter>RenderPasses</Filter>
    </ClCompile>
    <ClCompile Include="..\Source\RenderPasses\ViewFrustumCullingPass.cpp">
      <Filter>RenderPasses</Filter>
    </ClCompile>
    <ClCompile Include="..\Source\RenderPasses\VisualizeVoxelGridPass.cpp">
      <Filter>RenderPasses</Filter>
    </ClCompile>
    <ClCompile Include="..\Source\D3DWrapper\GraphicsDevice.cpp">
      <Filter>D3DWrapper</Filter>
    </ClCompile>
    <ClCompile Include="..\Source\D3DWrapper\GraphicsFactory.cpp">
      <Filter>D3DWrapper</Filter>
    </ClCompile>
    <ClCompile Include="..\Source\D3DWrapper\GraphicsUtils.cpp">
      <Filter>D3DWrapper</Filter>
    </ClCompile>
    <ClCompile Include="..\Source\D3DWrapper\CommandList.cpp">
      <Filter>D3DWrapper</Filter>
    </ClCompile>
    <ClCompile Include="..\Source\D3DWrapper\CommandSignature.cpp">
      <Filter>D3DWrapper</Filter>
    </ClCompile>
    <ClCompile Include="..\Source\D3DWrapper\DescriptorHeap.cpp">
      <Filter>D3DWrapper</Filter>
    </ClCompile>
    <ClCompile Include="..\Source\D3DWrapper\Fence.cpp">
      <Filter>D3DWrapper</Filter>
    </ClCompile>
    <ClCompile Include="..\Source\D3DWrapper\PipelineState.cpp">
      <Filter>D3DWrapper</Filter>
    </ClCompile>
    <ClCompile Include="..\Source\D3DWrapper\RootSignature.cpp">
      <Filter>D3DWrapper</Filter>
    </ClCompile>
    <ClCompile Include="..\Source\D3DWrapper\CommandQueue.cpp">
      <Filter>D3DWrapper</Filter>
    </ClCompile>
    <ClCompile Include="..\Source\D3DWrapper\SwapChain.cpp">
      <Filter>D3DWrapper</Filter>
    </ClCompile>
    <ClCompile Include="..\Source\D3DWrapper\GraphicsResource.cpp">
      <Filter>D3DWrapper</Filter>
    </ClCompile>
    <ClCompile Include="..\Source\RenderPasses\CreateRenderGBufferCommandsPass.cpp">
      <Filter>RenderPasses</Filter>
    </ClCompile>
    <ClCompile Include="..\Source\RenderPasses\CreateRenderShadowMapCommandsPass.cpp">
      <Filter>RenderPasses</Filter>
    </ClCompile>
    <ClCompile Include="..\Source\RenderPasses\SetupTiledShadowMapPass.cpp">
      <Filter>RenderPasses</Filter>
    </ClCompile>
    <ClCompile Include="..\Source\RenderPasses\VisualizeTexturePass.cpp">
      <Filter>RenderPasses</Filter>
    </ClCompile>
    <ClCompile Include="..\Source\Common\OBJFileLoader.cpp">
      <Filter>Common</Filter>
    </ClCompile>
    <ClCompile Include="..\Source\RenderPasses\InjectVirtualPointLightsPass.cpp">
      <Filter>RenderPasses</Filter>
    </ClCompile>
    <ClCompile Include="..\Source\RenderPasses\PropagateLightPass.cpp">
      <Filter>RenderPasses</Filter>
    </ClCompile>
    <ClCompile Include="..\Source\RenderPasses\CalcIndirectLightingPass.cpp">
      <Filter>RenderPasses</Filter>
    </ClCompile>
  </ItemGroup>
  <ItemGroup>
    <None Include="..\Shaders\PassThroughPS.hlsl">
      <Filter>Shaders</Filter>
    </None>
    <None Include="..\Shaders\PassThroughVS.hlsl">
      <Filter>Shaders</Filter>
    </None>
    <None Include="..\Shaders\FullScreenTriangleVS.hlsl">
      <Filter>Shaders</Filter>
    </None>
    <None Include="..\Shaders\CreateVoxelGridVS.hlsl">
      <Filter>Shaders</Filter>
    </None>
    <None Include="..\Shaders\CreateVoxelGridPS.hlsl">
      <Filter>Shaders</Filter>
    </None>
    <None Include="..\Shaders\CreateVoxelGridGS.hlsl">
      <Filter>Shaders</Filter>
    </None>
    <None Include="..\Shaders\VisualizeVoxelGridPS.hlsl">
      <Filter>Shaders</Filter>
    </None>
    <None Include="..\Shaders\Reconstruction.hlsl">
      <Filter>Shaders</Filter>
    </None>
    <None Include="..\Shaders\ClearVoxelGridCS.hlsl">
      <Filter>Shaders</Filter>
    </None>
    <None Include="..\Shaders\VoxelGrid.hlsl">
      <Filter>Shaders</Filter>
    </None>
    <None Include="..\Shaders\CalcTextureLuminancePS.hlsl">
      <Filter>Shaders</Filter>
    </None>
    <None Include="..\Shaders\ScaleTexture.hlsl">
      <Filter>Shaders</Filter>
    </None>
    <None Include="..\Shaders\Packing.hlsl">
      <Filter>Shaders</Filter>
    </None>
    <None Include="..\Shaders\Lighting.hlsl">
      <Filter>Shaders</Filter>
    </None>
    <None Include="..\Shaders\TiledShadingCS.hlsl">
      <Filter>Shaders</Filter>
    </None>
    <None Include="..\Shaders\OverlapTest.hlsl">
      <Filter>Shaders</Filter>
    </None>
    <None Include="..\Shaders\ViewFrustumCullingCS.hlsl">
      <Filter>Shaders</Filter>
    </None>
    <None Include="..\Shaders\Foundation.hlsl">
      <Filter>Shaders</Filter>
    </None>
    <None Include="..\Shaders\TiledLightCullingCS.hlsl">
      <Filter>Shaders</Filter>
    </None>
    <None Include="..\Shaders\RenderTiledShadowMapVS.hlsl">
      <Filter>Shaders</Filter>
    </None>
    <None Include="..\Shaders\RenderTiledShadowMapGS.hlsl">
      <Filter>Shaders</Filter>
    </None>
    <None Include="..\Shaders\RenderGBufferPS.hlsl">
      <Filter>Shaders</Filter>
    </None>
    <None Include="..\Shaders\RenderGBufferVS.hlsl">
      <Filter>Shaders</Filter>
    </None>
    <None Include="..\Shaders\CreateRenderGBufferCommandsCS.hlsl">
      <Filter>Shaders</Filter>
    </None>
    <None Include="..\Shaders\CreateRenderShadowMapCommandsCS.hlsl">
      <Filter>Shaders</Filter>
    </None>
    <None Include="..\Shaders\SetupTiledShadowMapCS.hlsl">
      <Filter>Shaders</Filter>
    </None>
    <None Include="..\Shaders\VisualizeTexturePS.hlsl">
      <Filter>Shaders</Filter>
    </None>
    <None Include="..\Shaders\SphericalHarmonics.hlsl">
      <Filter>Shaders</Filter>
    </None>
    <None Include="..\Shaders\PropagateLightCS.hlsl">
      <Filter>Shaders</Filter>
    </None>
    <None Include="..\Shaders\InjectVirtualPointLightsCS.hlsl">
      <Filter>Shaders</Filter>
    </None>
    <None Include="..\Shaders\BoundingVolumes.hlsl">
      <Filter>Shaders</Filter>
    </None>
    <None Include="..\Shaders\CalcIndirectLightingPS.hlsl">
      <Filter>Shaders</Filter>
    </None>
  </ItemGroup>
</Project>